
Microsoft Visual Studio Solution File, Format Version 12.00
# Visual Studio Version 17
VisualStudioVersion = 17.0.32112.339
MinimumVisualStudioVersion = 10.0.40219.1
Project("{FAE04EC0-301F-11D3-BF4B-00C04F79EFBC}") = "Car_model", "Car_model\Car_model.csproj", "{EF05025E-6862-4C13-900E-2C1F0417E607}"
EndProject
Global
	GlobalSection(SolutionConfigurationPlatforms) = preSolution
		Debug|Any CPU = Debug|Any CPU
		Release|Any CPU = Release|Any CPU
	EndGlobalSection
	GlobalSection(ProjectConfigurationPlatforms) = postSolution
		{EF05025E-6862-4C13-900E-2C1F0417E607}.Debug|Any CPU.ActiveCfg = Debug|Any CPU
		{EF05025E-6862-4C13-900E-2C1F0417E607}.Debug|Any CPU.Build.0 = Debug|Any CPU
		{EF05025E-6862-4C13-900E-2C1F0417E607}.Release|Any CPU.ActiveCfg = Release|Any CPU
		{EF05025E-6862-4C13-900E-2C1F0417E607}.Release|Any CPU.Build.0 = Release|Any CPU
	EndGlobalSection
	GlobalSection(SolutionProperties) = preSolution
		HideSolutionNode = FALSE
	EndGlobalSection
	GlobalSection(ExtensibilityGlobals) = postSolution
		SolutionGuid = {69487497-2CA5-4BEE-A367-AD61F8BEDF3E}
	EndGlobalSection
EndGlobal
